
Microsoft Visual Studio Solution File, Format Version 12.00
# Visual Studio Version 17
VisualStudioVersion = 17.12.35527.113
MinimumVisualStudioVersion = 10.0.40219.1
Project("{9A19103F-16F7-4668-BE54-9A1E7A4F7556}") = "DeCA.NetCore", "NetCore\DeCA.NetCore.csproj", "{A7A86284-7230-4106-B781-4FCACF2ECC53}"
EndProject
Project("{FAE04EC0-301F-11D3-BF4B-00C04F79EFBC}") = "DeCA.NetFramework461", "NetFramework461\DeCA.NetFramework461.csproj", "{7D314F42-BE17-4EC6-8618-546E34CF1C50}"
EndProject
Global
	GlobalSection(SolutionConfigurationPlatforms) = preSolution
		Debug|Any CPU = Debug|Any CPU
		Release|Any CPU = Release|Any CPU
	EndGlobalSection
	GlobalSection(ProjectConfigurationPlatforms) = postSolution
		{A7A86284-7230-4106-B781-4FCACF2ECC53}.Debug|Any CPU.ActiveCfg = Debug|Any CPU
		{A7A86284-7230-4106-B781-4FCACF2ECC53}.Debug|Any CPU.Build.0 = Debug|Any CPU
		{A7A86284-7230-4106-B781-4FCACF2ECC53}.Release|Any CPU.ActiveCfg = Release|Any CPU
		{A7A86284-7230-4106-B781-4FCACF2ECC53}.Release|Any CPU.Build.0 = Release|Any CPU
		{7D314F42-BE17-4EC6-8618-546E34CF1C50}.Debug|Any CPU.ActiveCfg = Debug|Any CPU
		{7D314F42-BE17-4EC6-8618-546E34CF1C50}.Debug|Any CPU.Build.0 = Debug|Any CPU
		{7D314F42-BE17-4EC6-8618-546E34CF1C50}.Release|Any CPU.ActiveCfg = Release|Any CPU
		{7D314F42-BE17-4EC6-8618-546E34CF1C50}.Release|Any CPU.Build.0 = Release|Any CPU
	EndGlobalSection
	GlobalSection(SolutionProperties) = preSolution
		HideSolutionNode = FALSE
	EndGlobalSection
	GlobalSection(ExtensibilityGlobals) = postSolution
		SolutionGuid = {E9C30396-DD36-4006-9878-71AA6F5DE806}
	EndGlobalSection
EndGlobal
